
Microsoft Visual Studio Solution File, Format Version 12.00
# Visual Studio Version 17
VisualStudioVersion = 17.10.35013.160
MinimumVisualStudioVersion = 10.0.40219.1
Project("{9A19103F-16F7-4668-BE54-9A1E7A4F7556}") = "KoiCareSystemAtHome.Services", "KoiCareSystemAtHome.Services\KoiCareSystemAtHome.Services.csproj", "{548BB146-0A8D-4419-ADBB-656F4300FB88}"
EndProject
Project("{9A19103F-16F7-4668-BE54-9A1E7A4F7556}") = "KoiCareSystemAtHome.Repositories", "KoiCareSystemAtHome.Repositories\KoiCareSystemAtHome.Repositories.csproj", "{26A72B22-B834-48D1-BE64-5E826B768916}"
EndProject
Project("{9A19103F-16F7-4668-BE54-9A1E7A4F7556}") = "KoiCareSystemAtHome.WebApplication", "KoiCareSystemAtHome.WebApplication\KoiCareSystemAtHome.WebApplication.csproj", "{1ED9BE4C-09D9-4D24-870C-59D4B3860AA4}"
EndProject
Project("{FAE04EC0-301F-11D3-BF4B-00C04F79EFBC}") = "KoiCareSystemAtHome.Tests", "KoiCareSystemAtHome.Tests\KoiCareSystemAtHome.Tests.csproj", "{C5ADF942-A3CE-468D-8C52-F3103857B3EF}"
EndProject
Global
	GlobalSection(SolutionConfigurationPlatforms) = preSolution
		Debug|Any CPU = Debug|Any CPU
		Release|Any CPU = Release|Any CPU
	EndGlobalSection
	GlobalSection(ProjectConfigurationPlatforms) = postSolution
		{548BB146-0A8D-4419-ADBB-656F4300FB88}.Debug|Any CPU.ActiveCfg = Debug|Any CPU
		{548BB146-0A8D-4419-ADBB-656F4300FB88}.Debug|Any CPU.Build.0 = Debug|Any CPU
		{548BB146-0A8D-4419-ADBB-656F4300FB88}.Release|Any CPU.ActiveCfg = Release|Any CPU
		{548BB146-0A8D-4419-ADBB-656F4300FB88}.Release|Any CPU.Build.0 = Release|Any CPU
		{26A72B22-B834-48D1-BE64-5E826B768916}.Debug|Any CPU.ActiveCfg = Debug|Any CPU
		{26A72B22-B834-48D1-BE64-5E826B768916}.Debug|Any CPU.Build.0 = Debug|Any CPU
		{26A72B22-B834-48D1-BE64-5E826B768916}.Release|Any CPU.ActiveCfg = Release|Any CPU
		{26A72B22-B834-48D1-BE64-5E826B768916}.Release|Any CPU.Build.0 = Release|Any CPU
		{1ED9BE4C-09D9-4D24-870C-59D4B3860AA4}.Debug|Any CPU.ActiveCfg = Debug|Any CPU
		{1ED9BE4C-09D9-4D24-870C-59D4B3860AA4}.Debug|Any CPU.Build.0 = Debug|Any CPU
		{1ED9BE4C-09D9-4D24-870C-59D4B3860AA4}.Release|Any CPU.ActiveCfg = Release|Any CPU
		{1ED9BE4C-09D9-4D24-870C-59D4B3860AA4}.Release|Any CPU.Build.0 = Release|Any CPU
		{C5ADF942-A3CE-468D-8C52-F3103857B3EF}.Debug|Any CPU.ActiveCfg = Debug|Any CPU
		{C5ADF942-A3CE-468D-8C52-F3103857B3EF}.Debug|Any CPU.Build.0 = Debug|Any CPU
		{C5ADF942-A3CE-468D-8C52-F3103857B3EF}.Release|Any CPU.ActiveCfg = Release|Any CPU
		{C5ADF942-A3CE-468D-8C52-F3103857B3EF}.Release|Any CPU.Build.0 = Release|Any CPU
	EndGlobalSection
	GlobalSection(SolutionProperties) = preSolution
		HideSolutionNode = FALSE
	EndGlobalSection
	GlobalSection(ExtensibilityGlobals) = postSolution
		SolutionGuid = {A21CF818-38C6-4371-84DC-06222F63396D}
	EndGlobalSection
EndGlobal
